
Microsoft Visual Studio Solution File, Format Version 12.00
# Visual Studio Version 17
VisualStudioVersion = 17.2.32516.85
MinimumVisualStudioVersion = 10.0.40219.1
Project("{888888A0-9F3D-457C-B088-3A5042F75D52}") = "SourcePawn", "SourcePawn.pyproj", "{67696446-C889-41C9-A0D2-4375A83636E1}"
EndProject
Global
	GlobalSection(SolutionConfigurationPlatforms) = preSolution
		Debug|Any CPU = Debug|Any CPU
		Release|Any CPU = Release|Any CPU
	EndGlobalSection
	GlobalSection(ProjectConfigurationPlatforms) = postSolution
		{67696446-C889-41C9-A0D2-4375A83636E1}.Debug|Any CPU.ActiveCfg = Debug|Any CPU
		{67696446-C889-41C9-A0D2-4375A83636E1}.Release|Any CPU.ActiveCfg = Release|Any CPU
	EndGlobalSection
	GlobalSection(SolutionProperties) = preSolution
		HideSolutionNode = FALSE
	EndGlobalSection
	GlobalSection(ExtensibilityGlobals) = postSolution
		SolutionGuid = {3729AD05-5A75-49B3-BE2F-9BE5CC4B976E}
	EndGlobalSection
EndGlobal
